{
    "_readme": [
        "This file locks the dependencies of your project to a known state",
        "Read more about it at https://getcomposer.org/doc/01-basic-usage.md#composer-lock-the-lock-file",
        "This file is @generated automatically"
    ],
    "hash": "bad863f7a6e26c4f7f0e33ed053e69d0",
    "content-hash": "0c48207ed68f8977afd2e1f91fad81a6",
    "packages": [
        {
            "name": "phpwhois/idna-convert",
            "version": "v0.9.0",
            "source": {
                "type": "git",
                "url": "https://github.com/phpWhois/idna-convert.git",
                "reference": "663c4b170d4e542946e04840ee212e6c896ac80b"
            },
            "dist": {
                "type": "zip",
                "url": "https://api.github.com/repos/phpWhois/idna-convert/zipball/663c4b170d4e542946e04840ee212e6c896ac80b",
                "reference": "663c4b170d4e542946e04840ee212e6c896ac80b",
                "shasum": ""
            },
            "type": "library",
            "extra": {
                "branch-alias": {
                    "dev-master": "0.9.x-dev"
                }
            },
            "autoload": {
                "files": [
                    "idna_convert.class.php"
                ]
            },
            "notification-url": "https://packagist.org/downloads/",
            "license": [
                "LGPL-2.1"
            ],
            "authors": [
                {
                    "name": "Matthias Sommerfeld",
                    "email": "phlymail@phlylabs.de",
                    "role": "Developer"
                },
                {
                    "name": "Dmitry Lukashin",
                    "email": "dmitry@lukashin.ru",
                    "role": "Maintainer"
                }
            ],
            "description": "idna-convert library based on http://idnaconv.phlymail.de/",
            "homepage": "http://idnaconv.phlymail.de/",
            "keywords": [
                "idn",
                "idna",
                "php"
            ],
            "time": "2015-01-09 03:31:11"
        }
    ],
    "packages-dev": [],
    "aliases": [],
    "minimum-stability": "stable",
    "stability-flags": [],
    "prefer-stable": false,
    "prefer-lowest": false,
    "platform": [],
    "platform-dev": []
}
